
Microsoft Visual Studio Solution File, Format Version 12.00
# Visual Studio 2013
VisualStudioVersion = 12.0.21005.1
MinimumVisualStudioVersion = 10.0.40219.1
Project("{FAE04EC0-301F-11D3-BF4B-00C04F79EFBC}") = "YamWebRobot", "YamWebRobot\YamWebRobot.csproj", "{06AF22B0-DAE1-4BE4-BA10-B554D612958C}"
EndProject
Project("{FAE04EC0-301F-11D3-BF4B-00C04F79EFBC}") = "webwx", "..\webWXDemo\webwx\webwx.csproj", "{0A5D4F3B-0A55-49D7-9C7B-0AFE0848A901}"
EndProject
Global
	GlobalSection(SolutionConfigurationPlatforms) = preSolution
		Debug|Any CPU = Debug|Any CPU
		Release|Any CPU = Release|Any CPU
	EndGlobalSection
	GlobalSection(ProjectConfigurationPlatforms) = postSolution
		{06AF22B0-DAE1-4BE4-BA10-B554D612958C}.Debug|Any CPU.ActiveCfg = Debug|Any CPU
		{06AF22B0-DAE1-4BE4-BA10-B554D612958C}.Debug|Any CPU.Build.0 = Debug|Any CPU
		{06AF22B0-DAE1-4BE4-BA10-B554D612958C}.Release|Any CPU.ActiveCfg = Release|Any CPU
		{06AF22B0-DAE1-4BE4-BA10-B554D612958C}.Release|Any CPU.Build.0 = Release|Any CPU
		{0A5D4F3B-0A55-49D7-9C7B-0AFE0848A901}.Debug|Any CPU.ActiveCfg = Debug|Any CPU
		{0A5D4F3B-0A55-49D7-9C7B-0AFE0848A901}.Debug|Any CPU.Build.0 = Debug|Any CPU
		{0A5D4F3B-0A55-49D7-9C7B-0AFE0848A901}.Release|Any CPU.ActiveCfg = Release|Any CPU
		{0A5D4F3B-0A55-49D7-9C7B-0AFE0848A901}.Release|Any CPU.Build.0 = Release|Any CPU
	EndGlobalSection
	GlobalSection(SolutionProperties) = preSolution
		HideSolutionNode = FALSE
	EndGlobalSection
EndGlobal
